{
  "name": "test-dewp",
  "version": "1.0.0",
  "lockfileVersion": 3,
  "requires": true,
  "packages": {
    "": {
      "name": "test-dewp",
      "version": "1.0.0",
      "license": "GPL-2.0",
      "devDependencies": {
        "@wordpress/api-fetch": "^6.53.0",
        "@wordpress/interactivity": "5.5.0",
        "prettier": "^3.1.1"
      }
    },
    "node_modules/@babel/runtime": {
      "version": "7.24.4",
      "resolved": "https://registry.npmjs.org/@babel/runtime/-/runtime-7.24.4.tgz",
      "integrity": "sha512-dkxf7+hn8mFBwKjs9bvBlArzLVxVbS8usaPUDd5p2a9JCL9tB8OaOVN1isD4+Xyk4ns89/xeOmbQvgdK7IIVdA==",
      "dev": true,
      "dependencies": {
        "regenerator-runtime": "^0.14.0"
      },
      "engines": {
        "node": ">=6.9.0"
      }
    },
    "node_modules/@preact/signals": {
      "version": "1.2.2",
      "dev": true,
      "license": "MIT",
      "dependencies": {
        "@preact/signals-core": "^1.4.0"
      },
      "funding": {
        "type": "opencollective",
        "url": "https://opencollective.com/preact"
      },
      "peerDependencies": {
        "preact": "10.x"
      }
    },
    "node_modules/@preact/signals-core": {
      "version": "1.5.1",
      "dev": true,
      "license": "MIT",
      "funding": {
        "type": "opencollective",
        "url": "https://opencollective.com/preact"
      }
    },
    "node_modules/@tannin/compile": {
      "version": "1.1.0",
      "resolved": "https://registry.npmjs.org/@tannin/compile/-/compile-1.1.0.tgz",
      "integrity": "sha512-n8m9eNDfoNZoxdvWiTfW/hSPhehzLJ3zW7f8E7oT6mCROoMNWCB4TYtv041+2FMAxweiE0j7i1jubQU4MEC/Gg==",
      "dev": true,
      "dependencies": {
        "@tannin/evaluate": "^1.2.0",
        "@tannin/postfix": "^1.1.0"
      }
    },
    "node_modules/@tannin/evaluate": {
      "version": "1.2.0",
      "resolved": "https://registry.npmjs.org/@tannin/evaluate/-/evaluate-1.2.0.tgz",
      "integrity": "sha512-3ioXvNowbO/wSrxsDG5DKIMxC81P0QrQTYai8zFNY+umuoHWRPbQ/TuuDEOju9E+jQDXmj6yI5GyejNuh8I+eg==",
      "dev": true
    },
    "node_modules/@tannin/plural-forms": {
      "version": "1.1.0",
      "resolved": "https://registry.npmjs.org/@tannin/plural-forms/-/plural-forms-1.1.0.tgz",
      "integrity": "sha512-xl9R2mDZO/qiHam1AgMnAES6IKIg7OBhcXqy6eDsRCdXuxAFPcjrej9HMjyCLE0DJ/8cHf0i5OQTstuBRhpbHw==",
      "dev": true,
      "dependencies": {
        "@tannin/compile": "^1.1.0"
      }
    },
    "node_modules/@tannin/postfix": {
      "version": "1.1.0",
      "resolved": "https://registry.npmjs.org/@tannin/postfix/-/postfix-1.1.0.tgz",
      "integrity": "sha512-oocsqY7g0cR+Gur5jRQLSrX2OtpMLMse1I10JQBm8CdGMrDkh1Mg2gjsiquMHRtBs4Qwu5wgEp5GgIYHk4SNPw==",
      "dev": true
    },
    "node_modules/@wordpress/api-fetch": {
      "version": "6.53.0",
      "resolved": "https://registry.npmjs.org/@wordpress/api-fetch/-/api-fetch-6.53.0.tgz",
      "integrity": "sha512-jHYueGfGfe89akyw1A28WGl17qIKTukMTwol4rHkZY43ygUmSJiTF/FSsExzMwk/j7OmGGr+GTa1TPO/tc71Lw==",
      "dev": true,
      "dependencies": {
        "@babel/runtime": "^7.16.0",
        "@wordpress/i18n": "^4.56.0",
        "@wordpress/url": "^3.57.0"
      },
      "engines": {
        "node": ">=12"
      }
    },
    "node_modules/@wordpress/hooks": {
      "version": "3.56.0",
      "resolved": "https://registry.npmjs.org/@wordpress/hooks/-/hooks-3.56.0.tgz",
      "integrity": "sha512-sxoNbXdqfhlRNduDqR5y5Cq7Rwm5ATZGIr5U9nrM5RHWd+8v7g8wpB/rpTSqi+HeCW3suiFuN6qJJZ4eFwRB2w==",
      "dev": true,
      "dependencies": {
        "@babel/runtime": "^7.16.0"
      },
      "engines": {
        "node": ">=12"
      }
    },
    "node_modules/@wordpress/i18n": {
      "version": "4.56.0",
      "resolved": "https://registry.npmjs.org/@wordpress/i18n/-/i18n-4.56.0.tgz",
      "integrity": "sha512-W+WL8vxwqUeicgXvIHZ3Htq6pYrJe2Dn/9SBsQ7gFPUrGWe2ww5IzPocLv4rAha3lca2ZVIX2q47rGaSs9t8Kw==",
      "dev": true,
      "dependencies": {
        "@babel/runtime": "^7.16.0",
        "@wordpress/hooks": "^3.56.0",
        "gettext-parser": "^1.3.1",
        "memize": "^2.1.0",
        "sprintf-js": "^1.1.1",
        "tannin": "^1.2.0"
      },
      "bin": {
        "pot-to-php": "tools/pot-to-php.js"
      },
      "engines": {
        "node": ">=12"
      }
    },
    "node_modules/@wordpress/interactivity": {
      "version": "5.5.0",
      "resolved": "https://registry.npmjs.org/@wordpress/interactivity/-/interactivity-5.5.0.tgz",
      "integrity": "sha512-5EhYR/qsAe8jI0JSJ1rXeSh7TAYG/+ShTXThWfSpxh80qBVTn6fHPwHfkDZlYGZjdxhDdWfuBdqIdcaf4K3yHQ==",
      "dev": true,
      "dependencies": {
        "@preact/signals": "^1.2.2",
        "deepsignal": "^1.4.0",
        "preact": "^10.19.3"
      },
      "engines": {
        "node": ">=12"
      }
    },
    "node_modules/@wordpress/url": {
      "version": "3.57.0",
      "resolved": "https://registry.npmjs.org/@wordpress/url/-/url-3.57.0.tgz",
      "integrity": "sha512-W3F0KVEaMoRENya7GGUPXrZGYnhAg3fuLSLpNcf1skSrM5rUVMNdeRlZj+jln1O/+qjboJnC+y+IzOlQRwlS6A==",
      "dev": true,
      "dependencies": {
        "@babel/runtime": "^7.16.0",
        "remove-accents": "^0.5.0"
      },
      "engines": {
        "node": ">=12"
      }
    },
    "node_modules/deepsignal": {
      "version": "1.5.0",
      "dev": true,
      "license": "MIT",
      "peerDependencies": {
        "@preact/signals": "^1.1.4",
        "@preact/signals-core": "^1.5.1",
        "@preact/signals-react": "^1.3.8 || ^2.0.0",
        "preact": "^10.16.0"
      },
      "peerDependenciesMeta": {
        "@preact/signals": {
          "optional": true
        },
        "@preact/signals-core": {
          "optional": true
        },
        "@preact/signals-react": {
          "optional": true
        },
        "preact": {
          "optional": true
        }
      }
    },
    "node_modules/encoding": {
      "version": "0.1.13",
      "resolved": "https://registry.npmjs.org/encoding/-/encoding-0.1.13.tgz",
      "integrity": "sha512-ETBauow1T35Y/WZMkio9jiM0Z5xjHHmJ4XmjZOq1l/dXz3lr2sRn87nJy20RupqSh1F2m3HHPSp8ShIPQJrJ3A==",
      "dev": true,
      "dependencies": {
        "iconv-lite": "^0.6.2"
      }
    },
    "node_modules/gettext-parser": {
      "version": "1.4.0",
      "resolved": "https://registry.npmjs.org/gettext-parser/-/gettext-parser-1.4.0.tgz",
      "integrity": "sha512-sedZYLHlHeBop/gZ1jdg59hlUEcpcZJofLq2JFwJT1zTqAU3l2wFv6IsuwFHGqbiT9DWzMUW4/em2+hspnmMMA==",
      "dev": true,
      "dependencies": {
        "encoding": "^0.1.12",
        "safe-buffer": "^5.1.1"
      }
    },
    "node_modules/iconv-lite": {
      "version": "0.6.3",
      "resolved": "https://registry.npmjs.org/iconv-lite/-/iconv-lite-0.6.3.tgz",
      "integrity": "sha512-4fCk79wshMdzMp2rH06qWrJE4iolqLhCUH+OiuIgU++RB0+94NlDL81atO7GX55uUKueo0txHNtvEyI6D7WdMw==",
      "dev": true,
      "dependencies": {
        "safer-buffer": ">= 2.1.2 < 3.0.0"
      },
      "engines": {
        "node": ">=0.10.0"
      }
    },
    "node_modules/memize": {
      "version": "2.1.0",
      "resolved": "https://registry.npmjs.org/memize/-/memize-2.1.0.tgz",
      "integrity": "sha512-yywVJy8ctVlN5lNPxsep5urnZ6TTclwPEyigM9M3Bi8vseJBOfqNrGWN/r8NzuIt3PovM323W04blJfGQfQSVg==",
      "dev": true
    },
    "node_modules/preact": {
      "version": "10.19.4",
      "dev": true,
      "license": "MIT",
      "funding": {
        "type": "opencollective",
        "url": "https://opencollective.com/preact"
      }
    },
    "node_modules/prettier": {
      "version": "3.2.5",
      "dev": true,
      "license": "MIT",
      "bin": {
        "prettier": "bin/prettier.cjs"
      },
      "engines": {
        "node": ">=14"
      },
      "funding": {
        "url": "https://github.com/prettier/prettier?sponsor=1"
      }
    },
    "node_modules/regenerator-runtime": {
      "version": "0.14.1",
      "resolved": "https://registry.npmjs.org/regenerator-runtime/-/regenerator-runtime-0.14.1.tgz",
      "integrity": "sha512-dYnhHh0nJoMfnkZs6GmmhFknAGRrLznOu5nc9ML+EJxGvrx6H7teuevqVqCuPcPK//3eDrrjQhehXVx9cnkGdw==",
      "dev": true
    },
    "node_modules/remove-accents": {
      "version": "0.5.0",
      "resolved": "https://registry.npmjs.org/remove-accents/-/remove-accents-0.5.0.tgz",
      "integrity": "sha512-8g3/Otx1eJaVD12e31UbJj1YzdtVvzH85HV7t+9MJYk/u3XmkOUJ5Ys9wQrf9PCPK8+xn4ymzqYCiZl6QWKn+A==",
      "dev": true
    },
    "node_modules/safe-buffer": {
      "version": "5.2.1",
      "resolved": "https://registry.npmjs.org/safe-buffer/-/safe-buffer-5.2.1.tgz",
      "integrity": "sha512-rp3So07KcdmmKbGvgaNxQSJr7bGVSVk5S9Eq1F+ppbRo70+YeaDxkw5Dd8NPN+GD6bjnYm2VuPuCXmpuYvmCXQ==",
      "dev": true,
      "funding": [
        {
          "type": "github",
          "url": "https://github.com/sponsors/feross"
        },
        {
          "type": "patreon",
          "url": "https://www.patreon.com/feross"
        },
        {
          "type": "consulting",
          "url": "https://feross.org/support"
        }
      ]
    },
    "node_modules/safer-buffer": {
      "version": "2.1.2",
      "resolved": "https://registry.npmjs.org/safer-buffer/-/safer-buffer-2.1.2.tgz",
      "integrity": "sha512-YZo3K82SD7Riyi0E1EQPojLz7kpepnSQI9IyPbHHg1XXXevb5dJI7tpyN2ADxGcQbHG7vcyRHk0cbwqcQriUtg==",
      "dev": true
    },
    "node_modules/sprintf-js": {
      "version": "1.1.3",
      "resolved": "https://registry.npmjs.org/sprintf-js/-/sprintf-js-1.1.3.tgz",
      "integrity": "sha512-Oo+0REFV59/rz3gfJNKQiBlwfHaSESl1pcGyABQsnnIfWOFt6JNj5gCog2U6MLZ//IGYD+nA8nI+mTShREReaA==",
      "dev": true
    },
    "node_modules/tannin": {
      "version": "1.2.0",
      "resolved": "https://registry.npmjs.org/tannin/-/tannin-1.2.0.tgz",
      "integrity": "sha512-U7GgX/RcSeUETbV7gYgoz8PD7Ni4y95pgIP/Z6ayI3CfhSujwKEBlGFTCRN+Aqnuyf4AN2yHL+L8x+TCGjb9uA==",
      "dev": true,
      "dependencies": {
        "@tannin/plural-forms": "^1.1.0"
      }
    }
  }
}
